
Microsoft Visual Studio Solution File, Format Version 12.00
# Visual Studio Version 17
VisualStudioVersion = 17.8.34330.188
MinimumVisualStudioVersion = 10.0.40219.1
Project("{9A19103F-16F7-4668-BE54-9A1E7A4F7556}") = "NotificationApi", "NotificationApi\NotificationApi.csproj", "{FF802C67-8B63-4139-BA91-19001466032F}"
EndProject
Project("{E53339B2-1760-4266-BCC7-CA923CBCF16C}") = "docker-compose", "docker-compose.dcproj", "{BA4BC0C1-BD5D-464C-B6F4-606071F2BA13}"
EndProject
Global
	GlobalSection(SolutionConfigurationPlatforms) = preSolution
		Debug|Any CPU = Debug|Any CPU
		Release|Any CPU = Release|Any CPU
	EndGlobalSection
	GlobalSection(ProjectConfigurationPlatforms) = postSolution
		{FF802C67-8B63-4139-BA91-19001466032F}.Debug|Any CPU.ActiveCfg = Debug|Any CPU
		{FF802C67-8B63-4139-BA91-19001466032F}.Debug|Any CPU.Build.0 = Debug|Any CPU
		{FF802C67-8B63-4139-BA91-19001466032F}.Release|Any CPU.ActiveCfg = Release|Any CPU
		{FF802C67-8B63-4139-BA91-19001466032F}.Release|Any CPU.Build.0 = Release|Any CPU
		{BA4BC0C1-BD5D-464C-B6F4-606071F2BA13}.Debug|Any CPU.ActiveCfg = Debug|Any CPU
		{BA4BC0C1-BD5D-464C-B6F4-606071F2BA13}.Debug|Any CPU.Build.0 = Debug|Any CPU
		{BA4BC0C1-BD5D-464C-B6F4-606071F2BA13}.Release|Any CPU.ActiveCfg = Release|Any CPU
		{BA4BC0C1-BD5D-464C-B6F4-606071F2BA13}.Release|Any CPU.Build.0 = Release|Any CPU
	EndGlobalSection
	GlobalSection(SolutionProperties) = preSolution
		HideSolutionNode = FALSE
	EndGlobalSection
	GlobalSection(ExtensibilityGlobals) = postSolution
		SolutionGuid = {2BED21A3-EE4F-43AA-ADF6-46B6D69DF9BD}
	EndGlobalSection
EndGlobal
